<?xml version="1.0" encoding="utf-8"?>
<Project ToolsVersion="4.0" xmlns="http://schemas.microsoft.com/developer/msbuild/2003">
  <ItemGroup>
    <Filter Include="Quelldateien">
      <UniqueIdentifier>{4FC737F1-C7A5-4376-A066-2A32D752A2FF}</UniqueIdentifier>
      <Extensions>cpp;c;cc;cxx;def;odl;idl;hpj;bat;asm;asmx</Extensions>
    </Filter>
    <Filter Include="Headerdateien">
      <UniqueIdentifier>{93995380-89BD-4b04-88EB-625FBE52EBFB}</UniqueIdentifier>
      <Extensions>h;hh;hpp;hxx;hm;inl;inc;xsd</Extensions>
    </Filter>
    <Filter Include="Ressourcendateien">
      <UniqueIdentifier>{67DA6AB6-F800-4c08-8B7A-83BB121AAD01}</UniqueIdentifier>
      <Extensions>rc;ico;cur;bmp;dlg;rc2;rct;bin;rgs;gif;jpg;jpeg;jpe;resx;tiff;tif;png;wav;mfcribbon-ms</Extensions>
    </Filter>
  </ItemGroup>
  <ItemGroup>
    <ClInclude Include="stdafx.h">
      <Filter>Headerdateien</Filter>
    </ClInclude>
    <ClInclude Include="targetver.h">
      <Filter>Headerdateien</Filter>
    </ClInclude>
    <ClInclude Include="Font.h">
      <Filter>Headerdateien</Filter>
    </ClInclude>
    <ClInclude Include="SharedFont.h">
      <Filter>Headerdateien</Filter>
    </ClInclude>
    <ClInclude Include="API.h">
      <Filter>Headerdateien</Filter>
    </ClInclude>
    <ClInclude Include="Server.h">
      <Filter>Headerdateien</Filter>
    </ClInclude>
    <ClInclude Include="Client.h">
      <Filter>Headerdateien</Filter>
    </ClInclude>
    <ClInclude Include="PacketIdentifier.h">
      <Filter>Headerdateien</Filter>
    </ClInclude>
    <ClInclude Include="SerializeableQueue.h">
      <Filter>Headerdateien</Filter>
    </ClInclude>
    <ClInclude Include="PacketTypeIdentifier.h">
      <Filter>Headerdateien</Filter>
    </ClInclude>
    <ClInclude Include="PacketData.h">
      <Filter>Headerdateien</Filter>
    </ClInclude>
    <ClInclude Include="PacketTypeData.h">
      <Filter>Headerdateien</Filter>
    </ClInclude>
    <ClInclude Include="ServerAPIGeneral.h">
      <Filter>Headerdateien</Filter>
    </ClInclude>
    <ClInclude Include="ClientMessage.h">
      <Filter>Headerdateien</Filter>
    </ClInclude>
    <ClInclude Include="NativePlayer.h">
      <Filter>Headerdateien</Filter>
    </ClInclude>
    <ClInclude Include="ServerAPIPlayer.h">
      <Filter>Headerdateien</Filter>
    </ClInclude>
    <ClInclude Include="OverlayElement.h">
      <Filter>Headerdateien</Filter>
    </ClInclude>
    <ClInclude Include="OverlayManager.h">
      <Filter>Headerdateien</Filter>
    </ClInclude>
    <ClInclude Include="Utils.h">
      <Filter>Headerdateien</Filter>
    </ClInclude>
    <ClInclude Include="OverlayText.h">
      <Filter>Headerdateien</Filter>
    </ClInclude>
    <ClInclude Include="ServerAPIOverlayText.h">
      <Filter>Headerdateien</Filter>
    </ClInclude>
    <ClInclude Include="NativeSAMPChat.h">
      <Filter>Headerdateien</Filter>
    </ClInclude>
    <ClInclude Include="ServerAPISAMPChat.h">
      <Filter>Headerdateien</Filter>
    </ClInclude>
    <ClInclude Include="NativeSAMPDialog.h">
      <Filter>Headerdateien</Filter>
    </ClInclude>
    <ClInclude Include="DialogManager.h">
      <Filter>Headerdateien</Filter>
    </ClInclude>
    <ClInclude Include="ServerAPISAMPDialog.h">
      <Filter>Headerdateien</Filter>
    </ClInclude>
    <ClInclude Include="NativeVehicle.h">
      <Filter>Headerdateien</Filter>
    </ClInclude>
    <ClInclude Include="ServerAPIVehicle.h">
      <Filter>Headerdateien</Filter>
    </ClInclude>
    <ClInclude Include="ZoneManager.h">
      <Filter>Headerdateien</Filter>
    </ClInclude>
    <ClInclude Include="OverlayBox.h">
      <Filter>Headerdateien</Filter>
    </ClInclude>
    <ClInclude Include="ServerAPIOverlayBox.h">
      <Filter>Headerdateien</Filter>
    </ClInclude>
    <ClInclude Include="NativeSAMPVehicle.h">
      <Filter>Headerdateien</Filter>
    </ClInclude>
    <ClInclude Include="ServerAPISAMPPlayer.h">
      <Filter>Headerdateien</Filter>
    </ClInclude>
    <ClInclude Include="NativeSAMPPlayer.h">
      <Filter>Headerdateien</Filter>
    </ClInclude>
    <ClInclude Include="ServerAPISAMPVehicle.h">
      <Filter>Headerdateien</Filter>
    </ClInclude>
  </ItemGroup>
  <ItemGroup>
    <ClCompile Include="stdafx.cpp">
      <Filter>Quelldateien</Filter>
    </ClCompile>
    <ClCompile Include="API.cpp">
      <Filter>Quelldateien</Filter>
    </ClCompile>
    <ClCompile Include="dllmain.cpp">
      <Filter>Quelldateien</Filter>
    </ClCompile>
    <ClCompile Include="Font.cpp">
      <Filter>Quelldateien</Filter>
    </ClCompile>
    <ClCompile Include="SharedFont.cpp">
      <Filter>Quelldateien</Filter>
    </ClCompile>
    <ClCompile Include="Server.cpp">
      <Filter>Quelldateien</Filter>
    </ClCompile>
    <ClCompile Include="Client.cpp">
      <Filter>Quelldateien</Filter>
    </ClCompile>
    <ClCompile Include="PacketIdentifier.cpp">
      <Filter>Quelldateien</Filter>
    </ClCompile>
    <ClCompile Include="SerializeableQueue.cpp">
      <Filter>Quelldateien</Filter>
    </ClCompile>
    <ClCompile Include="PacketTypeIdentifier.cpp">
      <Filter>Quelldateien</Filter>
    </ClCompile>
    <ClCompile Include="PacketData.cpp">
      <Filter>Quelldateien</Filter>
    </ClCompile>
    <ClCompile Include="PacketTypeData.cpp">
      <Filter>Quelldateien</Filter>
    </ClCompile>
    <ClCompile Include="ServerAPIGeneral.cpp">
      <Filter>Quelldateien</Filter>
    </ClCompile>
    <ClCompile Include="ClientMessage.cpp">
      <Filter>Quelldateien</Filter>
    </ClCompile>
    <ClCompile Include="NativePlayer.cpp">
      <Filter>Quelldateien</Filter>
    </ClCompile>
    <ClCompile Include="ServerAPIPlayer.cpp">
      <Filter>Quelldateien</Filter>
    </ClCompile>
    <ClCompile Include="OverlayElement.cpp">
      <Filter>Quelldateien</Filter>
    </ClCompile>
    <ClCompile Include="OverlayManager.cpp">
      <Filter>Quelldateien</Filter>
    </ClCompile>
    <ClCompile Include="Utils.cpp">
      <Filter>Quelldateien</Filter>
    </ClCompile>
    <ClCompile Include="OverlayText.cpp">
      <Filter>Quelldateien</Filter>
    </ClCompile>
    <ClCompile Include="ServerAPIOverlayText.cpp">
      <Filter>Quelldateien</Filter>
    </ClCompile>
    <ClCompile Include="NativeSAMPChat.cpp">
      <Filter>Quelldateien</Filter>
    </ClCompile>
    <ClCompile Include="ServerAPISAMPChat.cpp">
      <Filter>Quelldateien</Filter>
    </ClCompile>
    <ClCompile Include="NativeSAMPDialog.cpp">
      <Filter>Quelldateien</Filter>
    </ClCompile>
    <ClCompile Include="DialogManager.cpp">
      <Filter>Quelldateien</Filter>
    </ClCompile>
    <ClCompile Include="ServerAPISAMPDialog.cpp">
      <Filter>Quelldateien</Filter>
    </ClCompile>
    <ClCompile Include="NativeVehicle.cpp">
      <Filter>Quelldateien</Filter>
    </ClCompile>
    <ClCompile Include="ServerAPIVehicle.cpp">
      <Filter>Quelldateien</Filter>
    </ClCompile>
    <ClCompile Include="ZoneManager.cpp">
      <Filter>Quelldateien</Filter>
    </ClCompile>
    <ClCompile Include="OverlayBox.cpp">
      <Filter>Quelldateien</Filter>
    </ClCompile>
    <ClCompile Include="ServerAPIOverlayBox.cpp">
      <Filter>Quelldateien</Filter>
    </ClCompile>
    <ClCompile Include="NativeSAMPVehicle.cpp">
      <Filter>Quelldateien</Filter>
    </ClCompile>
    <ClCompile Include="ServerAPISAMPPlayer.cpp">
      <Filter>Quelldateien</Filter>
    </ClCompile>
    <ClCompile Include="NativeSAMPPlayer.cpp">
      <Filter>Quelldateien</Filter>
    </ClCompile>
    <ClCompile Include="ServerAPISAMPVehicle.cpp">
      <Filter>Quelldateien</Filter>
    </ClCompile>
  </ItemGroup>
</Project>